
Microsoft Visual Studio Solution File, Format Version 12.00
# Visual Studio 15
VisualStudioVersion = 15.0.25807.0
MinimumVisualStudioVersion = 10.0.40219.1
Project("{2150E333-8FDC-42A3-9474-1A3956D46DE8}") = "Engine", "Engine", "{A992A75E-DF1E-422B-A66F-FE97CC2A2F61}"
EndProject
Project("{2150E333-8FDC-42A3-9474-1A3956D46DE8}") = "Games", "Games", "{E8FA5B7B-78E4-49CF-BD82-D1A48C6C710E}"
EndProject
Project("{8BC9CEB8-8B4A-11D0-8D11-00A0C91BC942}") = "UE4", "Intermediate\ProjectFiles\UE4.vcxproj", "{B0E2EF8A-48BE-4C70-9858-FAE3FF409B46}"
EndProject
Project("{8BC9CEB8-8B4A-11D0-8D11-00A0C91BC942}") = "BookProject", "Intermediate\ProjectFiles\BookProject.vcxproj", "{5652BE38-AE88-4E45-9977-C02591F28DB9}"
EndProject
Project("{2150E333-8FDC-42A3-9474-1A3956D46DE8}") = "Visualizers", "Visualizers", "{453BFCB5-45AA-420D-AD08-D93A8031D9C4}"
	ProjectSection(SolutionItems) = preProject
		..\..\..\..\..\Program Files\Epic Games\UE_4.23\Engine\Extras\VisualStudioDebugging\UE4.natvis = ..\..\..\..\..\Program Files\Epic Games\UE_4.23\Engine\Extras\VisualStudioDebugging\UE4.natvis
	EndProjectSection
EndProject
Global
	GlobalSection(SolutionConfigurationPlatforms) = preSolution
		DebugGame Editor|Win32 = DebugGame Editor|Win32
		DebugGame Editor|Win64 = DebugGame Editor|Win64
		DebugGame|Win32 = DebugGame|Win32
		DebugGame|Win64 = DebugGame|Win64
		Development Editor|Win32 = Development Editor|Win32
		Development Editor|Win64 = Development Editor|Win64
		Development|Win32 = Development|Win32
		Development|Win64 = Development|Win64
		Shipping|Win32 = Shipping|Win32
		Shipping|Win64 = Shipping|Win64
	EndGlobalSection
	GlobalSection(ProjectConfigurationPlatforms) = postSolution
		{B0E2EF8A-48BE-4C70-9858-FAE3FF409B46}.DebugGame Editor|Win32.ActiveCfg = BuiltWithUnrealBuildTool|Win32
		{B0E2EF8A-48BE-4C70-9858-FAE3FF409B46}.DebugGame Editor|Win64.ActiveCfg = BuiltWithUnrealBuildTool|Win32
		{B0E2EF8A-48BE-4C70-9858-FAE3FF409B46}.DebugGame|Win32.ActiveCfg = BuiltWithUnrealBuildTool|Win32
		{B0E2EF8A-48BE-4C70-9858-FAE3FF409B46}.DebugGame|Win64.ActiveCfg = BuiltWithUnrealBuildTool|Win32
		{B0E2EF8A-48BE-4C70-9858-FAE3FF409B46}.Development Editor|Win32.ActiveCfg = BuiltWithUnrealBuildTool|Win32
		{B0E2EF8A-48BE-4C70-9858-FAE3FF409B46}.Development Editor|Win64.ActiveCfg = BuiltWithUnrealBuildTool|Win32
		{B0E2EF8A-48BE-4C70-9858-FAE3FF409B46}.Development|Win32.ActiveCfg = BuiltWithUnrealBuildTool|Win32
		{B0E2EF8A-48BE-4C70-9858-FAE3FF409B46}.Development|Win64.ActiveCfg = BuiltWithUnrealBuildTool|Win32
		{B0E2EF8A-48BE-4C70-9858-FAE3FF409B46}.Shipping|Win32.ActiveCfg = BuiltWithUnrealBuildTool|Win32
		{B0E2EF8A-48BE-4C70-9858-FAE3FF409B46}.Shipping|Win64.ActiveCfg = BuiltWithUnrealBuildTool|Win32
		{5652BE38-AE88-4E45-9977-C02591F28DB9}.DebugGame Editor|Win32.ActiveCfg = Invalid|Win32
		{5652BE38-AE88-4E45-9977-C02591F28DB9}.DebugGame Editor|Win64.ActiveCfg = DebugGame_Editor|x64
		{5652BE38-AE88-4E45-9977-C02591F28DB9}.DebugGame Editor|Win64.Build.0 = DebugGame_Editor|x64
		{5652BE38-AE88-4E45-9977-C02591F28DB9}.DebugGame|Win32.ActiveCfg = DebugGame|Win32
		{5652BE38-AE88-4E45-9977-C02591F28DB9}.DebugGame|Win32.Build.0 = DebugGame|Win32
		{5652BE38-AE88-4E45-9977-C02591F28DB9}.DebugGame|Win64.ActiveCfg = DebugGame|x64
		{5652BE38-AE88-4E45-9977-C02591F28DB9}.DebugGame|Win64.Build.0 = DebugGame|x64
		{5652BE38-AE88-4E45-9977-C02591F28DB9}.Development Editor|Win32.ActiveCfg = Invalid|Win32
		{5652BE38-AE88-4E45-9977-C02591F28DB9}.Development Editor|Win64.ActiveCfg = Development_Editor|x64
		{5652BE38-AE88-4E45-9977-C02591F28DB9}.Development Editor|Win64.Build.0 = Development_Editor|x64
		{5652BE38-AE88-4E45-9977-C02591F28DB9}.Development|Win32.ActiveCfg = Development|Win32
		{5652BE38-AE88-4E45-9977-C02591F28DB9}.Development|Win32.Build.0 = Development|Win32
		{5652BE38-AE88-4E45-9977-C02591F28DB9}.Development|Win64.ActiveCfg = Development|x64
		{5652BE38-AE88-4E45-9977-C02591F28DB9}.Development|Win64.Build.0 = Development|x64
		{5652BE38-AE88-4E45-9977-C02591F28DB9}.Shipping|Win32.ActiveCfg = Shipping|Win32
		{5652BE38-AE88-4E45-9977-C02591F28DB9}.Shipping|Win32.Build.0 = Shipping|Win32
		{5652BE38-AE88-4E45-9977-C02591F28DB9}.Shipping|Win64.ActiveCfg = Shipping|x64
		{5652BE38-AE88-4E45-9977-C02591F28DB9}.Shipping|Win64.Build.0 = Shipping|x64
	EndGlobalSection
	GlobalSection(SolutionProperties) = preSolution
		HideSolutionNode = FALSE
	EndGlobalSection
	GlobalSection(NestedProjects) = preSolution
		{B0E2EF8A-48BE-4C70-9858-FAE3FF409B46} = {A992A75E-DF1E-422B-A66F-FE97CC2A2F61}
		{5652BE38-AE88-4E45-9977-C02591F28DB9} = {E8FA5B7B-78E4-49CF-BD82-D1A48C6C710E}
	EndGlobalSection
EndGlobal
